
Microsoft Visual Studio Solution File, Format Version 12.00
# Visual Studio 14
VisualStudioVersion = 14.0.25420.1
MinimumVisualStudioVersion = 10.0.40219.1
Project("{2150E333-8FDC-42A3-9474-1A3956D46DE8}") = "Project", "Project", "{8DED37E9-4F0B-428D-8EF5-08F9D8C0AAC8}"
EndProject
Project("{2150E333-8FDC-42A3-9474-1A3956D46DE8}") = "Common", "Common", "{873795DF-7416-4C6F-AED9-DEEC4836C147}"
EndProject
Project("{2150E333-8FDC-42A3-9474-1A3956D46DE8}") = "SmartDelete", "SmartDelete", "{D7D44E46-02A3-4DE6-8D1F-8F570962EF4C}"
EndProject
Project("{2150E333-8FDC-42A3-9474-1A3956D46DE8}") = "_TDS", "_TDS", "{7D090D38-FDA9-4A2E-9C15-3E46F45DA87C}"
EndProject
Project("{FAE04EC0-301F-11D3-BF4B-00C04F79EFBC}") = "JLS.Common.Website", "src\Project\Common\code\JLS.Common.Website.csproj", "{0143ADA5-54C1-4618-838A-CC9EF7AEBD48}"
EndProject
Project("{2150E333-8FDC-42A3-9474-1A3956D46DE8}") = "Foundation", "Foundation", "{B27F382F-1A3A-4B60-80C2-E3D0FC36C553}"
EndProject
Project("{2150E333-8FDC-42A3-9474-1A3956D46DE8}") = "Feature", "Feature", "{6E845978-92CB-4143-84B8-737507B3CD28}"
EndProject
Project("{FAE04EC0-301F-11D3-BF4B-00C04F79EFBC}") = "JLS.Foundation.SmartDelete", "src\Foundation\SmartDelete\code\JLS.Foundation.SmartDelete.csproj", "{8464E31A-A5E2-4787-9C97-6B8F78AB853B}"
EndProject
Project("{CAA73BB0-EF22-4D79-A57E-DF67B3BA9C80}") = "JLS.SmartDelete.TDS.Master", "src\TDS\JLS.SmartDelete.TDS.Master\JLS.SmartDelete.TDS.Master.scproj", "{A43EF4E7-C92F-4FB5-992B-A0AB4D446318}"
EndProject
Project("{FAE04EC0-301F-11D3-BF4B-00C04F79EFBC}") = "JLS.Feature.SmartDelete", "src\Feature\SmartDelete\code\JLS.Feature.SmartDelete.csproj", "{9433A9CA-E54C-4074-9E36-DEE171AD6CC5}"
EndProject
Project("{FAE04EC0-301F-11D3-BF4B-00C04F79EFBC}") = "JLS.SmartDelete.Website", "src\Project\SmartDelete\code\JLS.SmartDelete.Website.csproj", "{C85D2F98-C606-4713-AF2E-1DCC8A3CDD8B}"
EndProject
Global
	GlobalSection(SolutionConfigurationPlatforms) = preSolution
		Cacy|Any CPU = Cacy|Any CPU
		Debug|Any CPU = Debug|Any CPU
		Release|Any CPU = Release|Any CPU
		Stafford|Any CPU = Stafford|Any CPU
		Stocker|Any CPU = Stocker|Any CPU
	EndGlobalSection
	GlobalSection(ProjectConfigurationPlatforms) = postSolution
		{0143ADA5-54C1-4618-838A-CC9EF7AEBD48}.Cacy|Any CPU.ActiveCfg = Cacy|Any CPU
		{0143ADA5-54C1-4618-838A-CC9EF7AEBD48}.Cacy|Any CPU.Build.0 = Cacy|Any CPU
		{0143ADA5-54C1-4618-838A-CC9EF7AEBD48}.Debug|Any CPU.ActiveCfg = Debug|Any CPU
		{0143ADA5-54C1-4618-838A-CC9EF7AEBD48}.Debug|Any CPU.Build.0 = Debug|Any CPU
		{0143ADA5-54C1-4618-838A-CC9EF7AEBD48}.Release|Any CPU.ActiveCfg = Release|Any CPU
		{0143ADA5-54C1-4618-838A-CC9EF7AEBD48}.Release|Any CPU.Build.0 = Release|Any CPU
		{0143ADA5-54C1-4618-838A-CC9EF7AEBD48}.Stafford|Any CPU.ActiveCfg = Stafford|Any CPU
		{0143ADA5-54C1-4618-838A-CC9EF7AEBD48}.Stafford|Any CPU.Build.0 = Stafford|Any CPU
		{0143ADA5-54C1-4618-838A-CC9EF7AEBD48}.Stocker|Any CPU.ActiveCfg = Stocker|Any CPU
		{0143ADA5-54C1-4618-838A-CC9EF7AEBD48}.Stocker|Any CPU.Build.0 = Stocker|Any CPU
		{8464E31A-A5E2-4787-9C97-6B8F78AB853B}.Cacy|Any CPU.ActiveCfg = Cacy|Any CPU
		{8464E31A-A5E2-4787-9C97-6B8F78AB853B}.Cacy|Any CPU.Build.0 = Cacy|Any CPU
		{8464E31A-A5E2-4787-9C97-6B8F78AB853B}.Debug|Any CPU.ActiveCfg = Debug|Any CPU
		{8464E31A-A5E2-4787-9C97-6B8F78AB853B}.Debug|Any CPU.Build.0 = Debug|Any CPU
		{8464E31A-A5E2-4787-9C97-6B8F78AB853B}.Release|Any CPU.ActiveCfg = Release|Any CPU
		{8464E31A-A5E2-4787-9C97-6B8F78AB853B}.Release|Any CPU.Build.0 = Release|Any CPU
		{8464E31A-A5E2-4787-9C97-6B8F78AB853B}.Stafford|Any CPU.ActiveCfg = Stafford|Any CPU
		{8464E31A-A5E2-4787-9C97-6B8F78AB853B}.Stafford|Any CPU.Build.0 = Stafford|Any CPU
		{8464E31A-A5E2-4787-9C97-6B8F78AB853B}.Stocker|Any CPU.ActiveCfg = Stocker|Any CPU
		{8464E31A-A5E2-4787-9C97-6B8F78AB853B}.Stocker|Any CPU.Build.0 = Stocker|Any CPU
		{A43EF4E7-C92F-4FB5-992B-A0AB4D446318}.Cacy|Any CPU.ActiveCfg = Cacy|Any CPU
		{A43EF4E7-C92F-4FB5-992B-A0AB4D446318}.Cacy|Any CPU.Build.0 = Cacy|Any CPU
		{A43EF4E7-C92F-4FB5-992B-A0AB4D446318}.Cacy|Any CPU.Deploy.0 = Cacy|Any CPU
		{A43EF4E7-C92F-4FB5-992B-A0AB4D446318}.Debug|Any CPU.ActiveCfg = Debug|Any CPU
		{A43EF4E7-C92F-4FB5-992B-A0AB4D446318}.Debug|Any CPU.Build.0 = Debug|Any CPU
		{A43EF4E7-C92F-4FB5-992B-A0AB4D446318}.Debug|Any CPU.Deploy.0 = Debug|Any CPU
		{A43EF4E7-C92F-4FB5-992B-A0AB4D446318}.Release|Any CPU.ActiveCfg = Release|Any CPU
		{A43EF4E7-C92F-4FB5-992B-A0AB4D446318}.Release|Any CPU.Build.0 = Release|Any CPU
		{A43EF4E7-C92F-4FB5-992B-A0AB4D446318}.Release|Any CPU.Deploy.0 = Release|Any CPU
		{A43EF4E7-C92F-4FB5-992B-A0AB4D446318}.Stafford|Any CPU.ActiveCfg = Stafford|Any CPU
		{A43EF4E7-C92F-4FB5-992B-A0AB4D446318}.Stafford|Any CPU.Build.0 = Stafford|Any CPU
		{A43EF4E7-C92F-4FB5-992B-A0AB4D446318}.Stafford|Any CPU.Deploy.0 = Stafford|Any CPU
		{A43EF4E7-C92F-4FB5-992B-A0AB4D446318}.Stocker|Any CPU.ActiveCfg = Stocker|Any CPU
		{A43EF4E7-C92F-4FB5-992B-A0AB4D446318}.Stocker|Any CPU.Build.0 = Stocker|Any CPU
		{A43EF4E7-C92F-4FB5-992B-A0AB4D446318}.Stocker|Any CPU.Deploy.0 = Stocker|Any CPU
		{9433A9CA-E54C-4074-9E36-DEE171AD6CC5}.Cacy|Any CPU.ActiveCfg = Cacy|Any CPU
		{9433A9CA-E54C-4074-9E36-DEE171AD6CC5}.Cacy|Any CPU.Build.0 = Cacy|Any CPU
		{9433A9CA-E54C-4074-9E36-DEE171AD6CC5}.Debug|Any CPU.ActiveCfg = Debug|Any CPU
		{9433A9CA-E54C-4074-9E36-DEE171AD6CC5}.Debug|Any CPU.Build.0 = Debug|Any CPU
		{9433A9CA-E54C-4074-9E36-DEE171AD6CC5}.Release|Any CPU.ActiveCfg = Release|Any CPU
		{9433A9CA-E54C-4074-9E36-DEE171AD6CC5}.Release|Any CPU.Build.0 = Release|Any CPU
		{9433A9CA-E54C-4074-9E36-DEE171AD6CC5}.Stafford|Any CPU.ActiveCfg = Stafford|Any CPU
		{9433A9CA-E54C-4074-9E36-DEE171AD6CC5}.Stafford|Any CPU.Build.0 = Stafford|Any CPU
		{9433A9CA-E54C-4074-9E36-DEE171AD6CC5}.Stocker|Any CPU.ActiveCfg = Stocker|Any CPU
		{9433A9CA-E54C-4074-9E36-DEE171AD6CC5}.Stocker|Any CPU.Build.0 = Stocker|Any CPU
		{C85D2F98-C606-4713-AF2E-1DCC8A3CDD8B}.Cacy|Any CPU.ActiveCfg = Cacy|Any CPU
		{C85D2F98-C606-4713-AF2E-1DCC8A3CDD8B}.Cacy|Any CPU.Build.0 = Cacy|Any CPU
		{C85D2F98-C606-4713-AF2E-1DCC8A3CDD8B}.Debug|Any CPU.ActiveCfg = Debug|Any CPU
		{C85D2F98-C606-4713-AF2E-1DCC8A3CDD8B}.Debug|Any CPU.Build.0 = Debug|Any CPU
		{C85D2F98-C606-4713-AF2E-1DCC8A3CDD8B}.Release|Any CPU.ActiveCfg = Release|Any CPU
		{C85D2F98-C606-4713-AF2E-1DCC8A3CDD8B}.Release|Any CPU.Build.0 = Release|Any CPU
		{C85D2F98-C606-4713-AF2E-1DCC8A3CDD8B}.Stafford|Any CPU.ActiveCfg = Stafford|Any CPU
		{C85D2F98-C606-4713-AF2E-1DCC8A3CDD8B}.Stafford|Any CPU.Build.0 = Stafford|Any CPU
		{C85D2F98-C606-4713-AF2E-1DCC8A3CDD8B}.Stocker|Any CPU.ActiveCfg = Stocker|Any CPU
		{C85D2F98-C606-4713-AF2E-1DCC8A3CDD8B}.Stocker|Any CPU.Build.0 = Stocker|Any CPU
	EndGlobalSection
	GlobalSection(SolutionProperties) = preSolution
		HideSolutionNode = FALSE
	EndGlobalSection
	GlobalSection(NestedProjects) = preSolution
		{873795DF-7416-4C6F-AED9-DEEC4836C147} = {8DED37E9-4F0B-428D-8EF5-08F9D8C0AAC8}
		{D7D44E46-02A3-4DE6-8D1F-8F570962EF4C} = {8DED37E9-4F0B-428D-8EF5-08F9D8C0AAC8}
		{0143ADA5-54C1-4618-838A-CC9EF7AEBD48} = {873795DF-7416-4C6F-AED9-DEEC4836C147}
		{8464E31A-A5E2-4787-9C97-6B8F78AB853B} = {B27F382F-1A3A-4B60-80C2-E3D0FC36C553}
		{A43EF4E7-C92F-4FB5-992B-A0AB4D446318} = {7D090D38-FDA9-4A2E-9C15-3E46F45DA87C}
		{9433A9CA-E54C-4074-9E36-DEE171AD6CC5} = {6E845978-92CB-4143-84B8-737507B3CD28}
		{C85D2F98-C606-4713-AF2E-1DCC8A3CDD8B} = {D7D44E46-02A3-4DE6-8D1F-8F570962EF4C}
	EndGlobalSection
EndGlobal
