
Microsoft Visual Studio Solution File, Format Version 12.00
# Visual Studio 14
VisualStudioVersion = 14.0.25420.1
MinimumVisualStudioVersion = 10.0.40219.1
Project("{2150E333-8FDC-42A3-9474-1A3956D46DE8}") = "Project", "Project", "{8DED37E9-4F0B-428D-8EF5-08F9D8C0AAC8}"
EndProject
Project("{2150E333-8FDC-42A3-9474-1A3956D46DE8}") = "Common", "Common", "{873795DF-7416-4C6F-AED9-DEEC4836C147}"
EndProject
Project("{2150E333-8FDC-42A3-9474-1A3956D46DE8}") = "SmartDelete", "SmartDelete", "{D7D44E46-02A3-4DE6-8D1F-8F570962EF4C}"
EndProject
Project("{2150E333-8FDC-42A3-9474-1A3956D46DE8}") = "_TDS", "_TDS", "{7D090D38-FDA9-4A2E-9C15-3E46F45DA87C}"
EndProject
Project("{FAE04EC0-301F-11D3-BF4B-00C04F79EFBC}") = "JLS.Common.Website", "src\Project\Common\code\JLS.Common.Website.csproj", "{0143ADA5-54C1-4618-838A-CC9EF7AEBD48}"
EndProject
Project("{2150E333-8FDC-42A3-9474-1A3956D46DE8}") = "Foundation", "Foundation", "{B27F382F-1A3A-4B60-80C2-E3D0FC36C553}"
EndProject
Project("{2150E333-8FDC-42A3-9474-1A3956D46DE8}") = "Feature", "Feature", "{6E845978-92CB-4143-84B8-737507B3CD28}"
EndProject
Project("{CAA73BB0-EF22-4D79-A57E-DF67B3BA9C80}") = "JLS.SmartDelete.TDS.Master", "src\TDS\JLS.SmartDelete.TDS.Master\JLS.SmartDelete.TDS.Master.scproj", "{A43EF4E7-C92F-4FB5-992B-A0AB4D446318}"
EndProject
Project("{FAE04EC0-301F-11D3-BF4B-00C04F79EFBC}") = "JLS.SmartDelete.Website", "src\Project\SmartDelete\code\JLS.SmartDelete.Website.csproj", "{C85D2F98-C606-4713-AF2E-1DCC8A3CDD8B}"
EndProject
Project("{FAE04EC0-301F-11D3-BF4B-00C04F79EFBC}") = "JLS.Feature.Heros", "src\Feature\Heros\JLS.Feature.Heros\JLS.Feature.Heros.csproj", "{90156EF0-0E8E-4B67-8E7F-4A1EB7987F57}"
EndProject
Project("{2150E333-8FDC-42A3-9474-1A3956D46DE8}") = "SmartDelete", "SmartDelete", "{250B312E-2451-4B16-ACBD-BE3315CD6F58}"
EndProject
Project("{FAE04EC0-301F-11D3-BF4B-00C04F79EFBC}") = "JLS.Foundation.SmartDelete", "src\Foundation\SmartDelete\code\JLS.Foundation.SmartDelete.csproj", "{6676A857-36A3-4935-9BFD-B483B56A8F58}"
EndProject
Project("{FAE04EC0-301F-11D3-BF4B-00C04F79EFBC}") = "JLS.Foundation.Constants", "src\Foundation\Constants\JLS.Foundation.Constants\JLS.Foundation.Constants.csproj", "{17624966-0E58-475A-8D26-A8B8CECD843D}"
EndProject
Project("{2150E333-8FDC-42A3-9474-1A3956D46DE8}") = "Heros", "Heros", "{C460DBCB-72B7-4E6F-B21A-F7EE88BC80E1}"
EndProject
Project("{2150E333-8FDC-42A3-9474-1A3956D46DE8}") = "Workflow", "Workflow", "{CF369742-1E33-4E3A-B2B5-4485F05C9CF0}"
EndProject
Project("{2150E333-8FDC-42A3-9474-1A3956D46DE8}") = "Constants", "Constants", "{3CE6143D-BAE4-4C3E-9EC0-EC89459CDC36}"
EndProject
Project("{FAE04EC0-301F-11D3-BF4B-00C04F79EFBC}") = "JLS.Foundation.Workflow", "src\Foundation\Workflow\JLS.Foundation.Workflow\JLS.Foundation.Workflow.csproj", "{3B518392-B64B-46FC-8098-70EEC94C4840}"
EndProject
Project("{2150E333-8FDC-42A3-9474-1A3956D46DE8}") = "Serialization", "Serialization", "{B24D9966-9D8D-4D2C-BA3D-782DA52A6F14}"
EndProject
Project("{FAE04EC0-301F-11D3-BF4B-00C04F79EFBC}") = "JLS.Foundation.Serialization", "src\Foundation\Serialization\JLS.Foundation.Serialization\JLS.Foundation.Serialization.csproj", "{D0C3C580-B4B0-4FB8-B66E-23EE589B76AE}"
EndProject
Global
	GlobalSection(SolutionConfigurationPlatforms) = preSolution
		Cacy|Any CPU = Cacy|Any CPU
		Debug|Any CPU = Debug|Any CPU
		Release|Any CPU = Release|Any CPU
		Stafford|Any CPU = Stafford|Any CPU
		Stocker|Any CPU = Stocker|Any CPU
	EndGlobalSection
	GlobalSection(ProjectConfigurationPlatforms) = postSolution
		{0143ADA5-54C1-4618-838A-CC9EF7AEBD48}.Cacy|Any CPU.ActiveCfg = Cacy|Any CPU
		{0143ADA5-54C1-4618-838A-CC9EF7AEBD48}.Cacy|Any CPU.Build.0 = Cacy|Any CPU
		{0143ADA5-54C1-4618-838A-CC9EF7AEBD48}.Debug|Any CPU.ActiveCfg = Debug|Any CPU
		{0143ADA5-54C1-4618-838A-CC9EF7AEBD48}.Debug|Any CPU.Build.0 = Debug|Any CPU
		{0143ADA5-54C1-4618-838A-CC9EF7AEBD48}.Release|Any CPU.ActiveCfg = Release|Any CPU
		{0143ADA5-54C1-4618-838A-CC9EF7AEBD48}.Release|Any CPU.Build.0 = Release|Any CPU
		{0143ADA5-54C1-4618-838A-CC9EF7AEBD48}.Stafford|Any CPU.ActiveCfg = Stafford|Any CPU
		{0143ADA5-54C1-4618-838A-CC9EF7AEBD48}.Stafford|Any CPU.Build.0 = Stafford|Any CPU
		{0143ADA5-54C1-4618-838A-CC9EF7AEBD48}.Stocker|Any CPU.ActiveCfg = Stocker|Any CPU
		{0143ADA5-54C1-4618-838A-CC9EF7AEBD48}.Stocker|Any CPU.Build.0 = Stocker|Any CPU
		{A43EF4E7-C92F-4FB5-992B-A0AB4D446318}.Cacy|Any CPU.ActiveCfg = Cacy|Any CPU
		{A43EF4E7-C92F-4FB5-992B-A0AB4D446318}.Cacy|Any CPU.Build.0 = Cacy|Any CPU
		{A43EF4E7-C92F-4FB5-992B-A0AB4D446318}.Debug|Any CPU.ActiveCfg = Debug|Any CPU
		{A43EF4E7-C92F-4FB5-992B-A0AB4D446318}.Debug|Any CPU.Build.0 = Debug|Any CPU
		{A43EF4E7-C92F-4FB5-992B-A0AB4D446318}.Debug|Any CPU.Deploy.0 = Debug|Any CPU
		{A43EF4E7-C92F-4FB5-992B-A0AB4D446318}.Release|Any CPU.ActiveCfg = Release|Any CPU
		{A43EF4E7-C92F-4FB5-992B-A0AB4D446318}.Release|Any CPU.Build.0 = Release|Any CPU
		{A43EF4E7-C92F-4FB5-992B-A0AB4D446318}.Release|Any CPU.Deploy.0 = Release|Any CPU
		{A43EF4E7-C92F-4FB5-992B-A0AB4D446318}.Stafford|Any CPU.ActiveCfg = Stafford|Any CPU
		{A43EF4E7-C92F-4FB5-992B-A0AB4D446318}.Stafford|Any CPU.Build.0 = Stafford|Any CPU
		{A43EF4E7-C92F-4FB5-992B-A0AB4D446318}.Stafford|Any CPU.Deploy.0 = Stafford|Any CPU
		{A43EF4E7-C92F-4FB5-992B-A0AB4D446318}.Stocker|Any CPU.ActiveCfg = Stocker|Any CPU
		{A43EF4E7-C92F-4FB5-992B-A0AB4D446318}.Stocker|Any CPU.Build.0 = Stocker|Any CPU
		{A43EF4E7-C92F-4FB5-992B-A0AB4D446318}.Stocker|Any CPU.Deploy.0 = Stocker|Any CPU
		{C85D2F98-C606-4713-AF2E-1DCC8A3CDD8B}.Cacy|Any CPU.ActiveCfg = Cacy|Any CPU
		{C85D2F98-C606-4713-AF2E-1DCC8A3CDD8B}.Cacy|Any CPU.Build.0 = Cacy|Any CPU
		{C85D2F98-C606-4713-AF2E-1DCC8A3CDD8B}.Debug|Any CPU.ActiveCfg = Debug|Any CPU
		{C85D2F98-C606-4713-AF2E-1DCC8A3CDD8B}.Debug|Any CPU.Build.0 = Debug|Any CPU
		{C85D2F98-C606-4713-AF2E-1DCC8A3CDD8B}.Release|Any CPU.ActiveCfg = Release|Any CPU
		{C85D2F98-C606-4713-AF2E-1DCC8A3CDD8B}.Release|Any CPU.Build.0 = Release|Any CPU
		{C85D2F98-C606-4713-AF2E-1DCC8A3CDD8B}.Stafford|Any CPU.ActiveCfg = Stafford|Any CPU
		{C85D2F98-C606-4713-AF2E-1DCC8A3CDD8B}.Stafford|Any CPU.Build.0 = Stafford|Any CPU
		{C85D2F98-C606-4713-AF2E-1DCC8A3CDD8B}.Stocker|Any CPU.ActiveCfg = Stocker|Any CPU
		{C85D2F98-C606-4713-AF2E-1DCC8A3CDD8B}.Stocker|Any CPU.Build.0 = Stocker|Any CPU
		{90156EF0-0E8E-4B67-8E7F-4A1EB7987F57}.Cacy|Any CPU.ActiveCfg = Cacy|Any CPU
		{90156EF0-0E8E-4B67-8E7F-4A1EB7987F57}.Cacy|Any CPU.Build.0 = Cacy|Any CPU
		{90156EF0-0E8E-4B67-8E7F-4A1EB7987F57}.Debug|Any CPU.ActiveCfg = Debug|Any CPU
		{90156EF0-0E8E-4B67-8E7F-4A1EB7987F57}.Debug|Any CPU.Build.0 = Debug|Any CPU
		{90156EF0-0E8E-4B67-8E7F-4A1EB7987F57}.Release|Any CPU.ActiveCfg = Release|Any CPU
		{90156EF0-0E8E-4B67-8E7F-4A1EB7987F57}.Release|Any CPU.Build.0 = Release|Any CPU
		{90156EF0-0E8E-4B67-8E7F-4A1EB7987F57}.Stafford|Any CPU.ActiveCfg = Stafford|Any CPU
		{90156EF0-0E8E-4B67-8E7F-4A1EB7987F57}.Stafford|Any CPU.Build.0 = Stafford|Any CPU
		{90156EF0-0E8E-4B67-8E7F-4A1EB7987F57}.Stocker|Any CPU.ActiveCfg = Stocker|Any CPU
		{90156EF0-0E8E-4B67-8E7F-4A1EB7987F57}.Stocker|Any CPU.Build.0 = Stocker|Any CPU
		{6676A857-36A3-4935-9BFD-B483B56A8F58}.Cacy|Any CPU.ActiveCfg = Cacy|Any CPU
		{6676A857-36A3-4935-9BFD-B483B56A8F58}.Cacy|Any CPU.Build.0 = Cacy|Any CPU
		{6676A857-36A3-4935-9BFD-B483B56A8F58}.Debug|Any CPU.ActiveCfg = Debug|Any CPU
		{6676A857-36A3-4935-9BFD-B483B56A8F58}.Debug|Any CPU.Build.0 = Debug|Any CPU
		{6676A857-36A3-4935-9BFD-B483B56A8F58}.Release|Any CPU.ActiveCfg = Release|Any CPU
		{6676A857-36A3-4935-9BFD-B483B56A8F58}.Release|Any CPU.Build.0 = Release|Any CPU
		{6676A857-36A3-4935-9BFD-B483B56A8F58}.Stafford|Any CPU.ActiveCfg = Stafford|Any CPU
		{6676A857-36A3-4935-9BFD-B483B56A8F58}.Stafford|Any CPU.Build.0 = Stafford|Any CPU
		{6676A857-36A3-4935-9BFD-B483B56A8F58}.Stocker|Any CPU.ActiveCfg = Stocker|Any CPU
		{6676A857-36A3-4935-9BFD-B483B56A8F58}.Stocker|Any CPU.Build.0 = Stocker|Any CPU
		{17624966-0E58-475A-8D26-A8B8CECD843D}.Cacy|Any CPU.ActiveCfg = Cacy|Any CPU
		{17624966-0E58-475A-8D26-A8B8CECD843D}.Cacy|Any CPU.Build.0 = Cacy|Any CPU
		{17624966-0E58-475A-8D26-A8B8CECD843D}.Debug|Any CPU.ActiveCfg = Debug|Any CPU
		{17624966-0E58-475A-8D26-A8B8CECD843D}.Debug|Any CPU.Build.0 = Debug|Any CPU
		{17624966-0E58-475A-8D26-A8B8CECD843D}.Release|Any CPU.ActiveCfg = Release|Any CPU
		{17624966-0E58-475A-8D26-A8B8CECD843D}.Release|Any CPU.Build.0 = Release|Any CPU
		{17624966-0E58-475A-8D26-A8B8CECD843D}.Stafford|Any CPU.ActiveCfg = Stafford|Any CPU
		{17624966-0E58-475A-8D26-A8B8CECD843D}.Stafford|Any CPU.Build.0 = Stafford|Any CPU
		{17624966-0E58-475A-8D26-A8B8CECD843D}.Stocker|Any CPU.ActiveCfg = Stocker|Any CPU
		{17624966-0E58-475A-8D26-A8B8CECD843D}.Stocker|Any CPU.Build.0 = Stocker|Any CPU
		{3B518392-B64B-46FC-8098-70EEC94C4840}.Cacy|Any CPU.ActiveCfg = Cacy|Any CPU
		{3B518392-B64B-46FC-8098-70EEC94C4840}.Cacy|Any CPU.Build.0 = Cacy|Any CPU
		{3B518392-B64B-46FC-8098-70EEC94C4840}.Debug|Any CPU.ActiveCfg = Debug|Any CPU
		{3B518392-B64B-46FC-8098-70EEC94C4840}.Debug|Any CPU.Build.0 = Debug|Any CPU
		{3B518392-B64B-46FC-8098-70EEC94C4840}.Release|Any CPU.ActiveCfg = Release|Any CPU
		{3B518392-B64B-46FC-8098-70EEC94C4840}.Release|Any CPU.Build.0 = Release|Any CPU
		{3B518392-B64B-46FC-8098-70EEC94C4840}.Stafford|Any CPU.ActiveCfg = Stafford|Any CPU
		{3B518392-B64B-46FC-8098-70EEC94C4840}.Stafford|Any CPU.Build.0 = Stafford|Any CPU
		{3B518392-B64B-46FC-8098-70EEC94C4840}.Stocker|Any CPU.ActiveCfg = Stocker|Any CPU
		{3B518392-B64B-46FC-8098-70EEC94C4840}.Stocker|Any CPU.Build.0 = Stocker|Any CPU
		{D0C3C580-B4B0-4FB8-B66E-23EE589B76AE}.Cacy|Any CPU.ActiveCfg = Cacy|Any CPU
		{D0C3C580-B4B0-4FB8-B66E-23EE589B76AE}.Cacy|Any CPU.Build.0 = Cacy|Any CPU
		{D0C3C580-B4B0-4FB8-B66E-23EE589B76AE}.Debug|Any CPU.ActiveCfg = Debug|Any CPU
		{D0C3C580-B4B0-4FB8-B66E-23EE589B76AE}.Debug|Any CPU.Build.0 = Debug|Any CPU
		{D0C3C580-B4B0-4FB8-B66E-23EE589B76AE}.Release|Any CPU.ActiveCfg = Release|Any CPU
		{D0C3C580-B4B0-4FB8-B66E-23EE589B76AE}.Release|Any CPU.Build.0 = Release|Any CPU
		{D0C3C580-B4B0-4FB8-B66E-23EE589B76AE}.Stafford|Any CPU.ActiveCfg = Release|Any CPU
		{D0C3C580-B4B0-4FB8-B66E-23EE589B76AE}.Stafford|Any CPU.Build.0 = Release|Any CPU
		{D0C3C580-B4B0-4FB8-B66E-23EE589B76AE}.Stocker|Any CPU.ActiveCfg = Release|Any CPU
		{D0C3C580-B4B0-4FB8-B66E-23EE589B76AE}.Stocker|Any CPU.Build.0 = Release|Any CPU
	EndGlobalSection
	GlobalSection(SolutionProperties) = preSolution
		HideSolutionNode = FALSE
	EndGlobalSection
	GlobalSection(NestedProjects) = preSolution
		{873795DF-7416-4C6F-AED9-DEEC4836C147} = {8DED37E9-4F0B-428D-8EF5-08F9D8C0AAC8}
		{D7D44E46-02A3-4DE6-8D1F-8F570962EF4C} = {8DED37E9-4F0B-428D-8EF5-08F9D8C0AAC8}
		{0143ADA5-54C1-4618-838A-CC9EF7AEBD48} = {873795DF-7416-4C6F-AED9-DEEC4836C147}
		{A43EF4E7-C92F-4FB5-992B-A0AB4D446318} = {7D090D38-FDA9-4A2E-9C15-3E46F45DA87C}
		{C85D2F98-C606-4713-AF2E-1DCC8A3CDD8B} = {D7D44E46-02A3-4DE6-8D1F-8F570962EF4C}
		{90156EF0-0E8E-4B67-8E7F-4A1EB7987F57} = {C460DBCB-72B7-4E6F-B21A-F7EE88BC80E1}
		{250B312E-2451-4B16-ACBD-BE3315CD6F58} = {B27F382F-1A3A-4B60-80C2-E3D0FC36C553}
		{6676A857-36A3-4935-9BFD-B483B56A8F58} = {250B312E-2451-4B16-ACBD-BE3315CD6F58}
		{17624966-0E58-475A-8D26-A8B8CECD843D} = {3CE6143D-BAE4-4C3E-9EC0-EC89459CDC36}
		{C460DBCB-72B7-4E6F-B21A-F7EE88BC80E1} = {6E845978-92CB-4143-84B8-737507B3CD28}
		{CF369742-1E33-4E3A-B2B5-4485F05C9CF0} = {B27F382F-1A3A-4B60-80C2-E3D0FC36C553}
		{3CE6143D-BAE4-4C3E-9EC0-EC89459CDC36} = {B27F382F-1A3A-4B60-80C2-E3D0FC36C553}
		{3B518392-B64B-46FC-8098-70EEC94C4840} = {CF369742-1E33-4E3A-B2B5-4485F05C9CF0}
		{B24D9966-9D8D-4D2C-BA3D-782DA52A6F14} = {B27F382F-1A3A-4B60-80C2-E3D0FC36C553}
		{D0C3C580-B4B0-4FB8-B66E-23EE589B76AE} = {B24D9966-9D8D-4D2C-BA3D-782DA52A6F14}
	EndGlobalSection
EndGlobal
